{
  "version": 4,
  "terraform_version": "0.15.1",
  "serial": 137,
  "lineage": "6492c954-19c8-1f4f-262f-19259a8881b7",
  "outputs": {
    "availability_zones": {
      "value": "us-east-2a",
      "type": "string"
    },
    "subnet_ids": {
      "value": [
        "subnet-07cacd026fc13e83d"
      ],
      "type": [
        "tuple",
        [
          "string"
        ]
      ]
    }
  },
  "resources": [
    {
      "mode": "data",
      "type": "aws_iam_role",
      "name": "eks-cluster-role",
      "provider": "provider[\"registry.terraform.io/hashicorp/aws\"]",
      "instances": [
        {
          "schema_version": 0,
          "attributes": {
            "arn": "arn:aws:iam::682086073548:role/eks_cluster_role",
            "assume_role_policy": "{\"Version\":\"2012-10-17\",\"Statement\":[{\"Effect\":\"Allow\",\"Principal\":{\"Service\":\"eks.amazonaws.com\"},\"Action\":\"sts:AssumeRole\"}]}",
            "create_date": "2021-05-15T19:55:20Z",
            "description": "Allows access to other AWS service resources that are required to operate clusters managed by EKS.",
            "id": "eks_cluster_role",
            "max_session_duration": 3600,
            "name": "eks_cluster_role",
            "path": "/",
            "permissions_boundary": "",
            "tags": {
              "responsible": "estuadiantes_automatizacion_1"
            },
            "unique_id": "AROAZ5T37QTGJPO2NDP2V"
          },
          "sensitive_attributes": []
        }
      ]
    },
    {
      "mode": "data",
      "type": "aws_iam_role",
      "name": "eks-workers-role",
      "provider": "provider[\"registry.terraform.io/hashicorp/aws\"]",
      "instances": [
        {
          "schema_version": 0,
          "attributes": {
            "arn": "arn:aws:iam::682086073548:role/eks_worker_node_group_role",
            "assume_role_policy": "{\"Version\":\"2012-10-17\",\"Statement\":[{\"Effect\":\"Allow\",\"Principal\":{\"Service\":\"ec2.amazonaws.com\"},\"Action\":\"sts:AssumeRole\"}]}",
            "create_date": "2021-05-15T20:34:07Z",
            "description": "Allows EC2 instances to call AWS services on your behalf.",
            "id": "eks_worker_node_group_role",
            "max_session_duration": 3600,
            "name": "eks_worker_node_group_role",
            "path": "/",
            "permissions_boundary": "",
            "tags": {
              "responsible": "estuadiantes_automatizacion_1"
            },
            "unique_id": "AROAZ5T37QTGDWK62VOLI"
          },
          "sensitive_attributes": []
        }
      ]
    },
    {
      "mode": "managed",
      "type": "aws_eks_cluster",
      "name": "cluster_eks",
      "provider": "provider[\"registry.terraform.io/hashicorp/aws\"]",
      "instances": [
        {
          "schema_version": 0,
          "attributes": {
            "arn": "arn:aws:eks:us-east-2:682086073548:cluster/cluster",
            "certificate_authority": [
              {
                "data": "LS0tLS1CRUdJTiBDRVJUSUZJQ0FURS0tLS0tCk1JSUM1ekNDQWMrZ0F3SUJBZ0lCQURBTkJna3Foa2lHOXcwQkFRc0ZBREFWTVJNd0VRWURWUVFERXdwcmRXSmwKY201bGRHVnpNQjRYRFRJeE1EVXhOekUyTlRZMU1sb1hEVE14TURVeE5URTJOVFkxTWxvd0ZURVRNQkVHQTFVRQpBeE1LYTNWaVpYSnVaWFJsY3pDQ0FTSXdEUVlKS29aSWh2Y05BUUVCQlFBRGdnRVBBRENDQVFvQ2dnRUJBTDJOCjF1TXhlbnNMZStVUUhHWFlNaGF2aHRnRUprOW9rM2pRQlZGZUNKK2oybDdwZHJ5YmZNNUpvSkF2NHluU3I1VFcKVE5zREptRzR2UmlUeXVMY0xlZkNRU3BpRWRlWFR6YjlnbFovejcwSnBFRmYzMnozSUlpR1p4ODB0aEUvMSt0YwpXQUNuSTRZTFVNVlp3RHdUeFZOQkdlcnhCZmJmWHNBb2E1OHFua0hOSTJISERTVzJzTXMvVXFSN0N4WDFXRUFpCnBZNW1jSU42ejRRcUhaV216Z2tGa3ZmRXBia05lSU43QkhGdGNvcys1VFlZNzVGbjNucVJQais5WjFSZmduV0kKaWJxdDVUR2NDRXFmZ2RSWnZyRUN2YzBHZi9nb1RKV2RKODJROGQxd3Q4NVUvWGxuSFE2N0I2ZTE3eGdxcm1nWgpQd3pOVlc4R0dJMEd6dGJBaHQ4Q0F3RUFBYU5DTUVBd0RnWURWUjBQQVFIL0JBUURBZ0trTUE4R0ExVWRFd0VCCi93UUZNQU1CQWY4d0hRWURWUjBPQkJZRUZCQlo2V3Y5VFZCa05EaWg4UVh0VjF2MXZjSU5NQTBHQ1NxR1NJYjMKRFFFQkN3VUFBNElCQVFBdXBnUSs2YUQrc2xGMUZMODRpUmhLMDFkNWVURmFPU1ZaaVh3UnJybnZmT0pyTVRjTApSeDdTS2dRRFBoVWEyeEVJSkR4dHRJTU42OXU1QTltTytaWXptZUlqMWNUdUJucEthWmZ6cHljcWNNODA2bFZKCjNPQmJKaVEwNEh3ejlTeTFTT1dlVTd6aXNMTXpRZmhWMDdIVzF0bTVFV3VwdGtPb1ZoMW9WWmhRbHRzOXlkVVcKZHNSUXVjOFJadkYzVWY4L2M5dVJLcUlNOGJHd2xMVDdqZ2JMbko3c2k5b2tiT054eDVKREhEZ0hlQ1crcGY0UgpZV0lsTWkzTzd5UExMRTM4cldsb0ExWHNQQ0ZxdnY0bVRJM1pqNlJTWTNCd284cGE1MUc3VEFnaDVxUVhPTklUCnNXVDZqcnVCVmNSYXdzazRQYmp2bVFxeFZWU3lYekVsMnZoSwotLS0tLUVORCBDRVJUSUZJQ0FURS0tLS0tCg=="
              }
            ],
            "created_at": "2021-05-17 16:51:15.235 +0000 UTC",
            "enabled_cluster_log_types": [],
            "encryption_config": [],
            "endpoint": "https://189CD0FC98B54669E9859DCED4853EF0.sk1.us-east-2.eks.amazonaws.com",
            "id": "cluster",
            "identity": [
              {
                "oidc": [
                  {
                    "issuer": "https://oidc.eks.us-east-2.amazonaws.com/id/189CD0FC98B54669E9859DCED4853EF0"
                  }
                ]
              }
            ],
            "kubernetes_network_config": [
              {
                "service_ipv4_cidr": "172.20.0.0/16"
              }
            ],
            "name": "cluster",
            "platform_version": "eks.4",
            "role_arn": "arn:aws:iam::682086073548:role/eks_cluster_role",
            "status": "ACTIVE",
            "tags": {},
            "timeouts": null,
            "version": "1.19",
            "vpc_config": [
              {
                "cluster_security_group_id": "sg-00aea103851b85aa3",
                "endpoint_private_access": false,
                "endpoint_public_access": true,
                "public_access_cidrs": [
                  "0.0.0.0/0"
                ],
                "security_group_ids": [],
                "subnet_ids": [
                  "subnet-07cacd026fc13e83d",
                  "subnet-0be55a66119704d56"
                ],
                "vpc_id": "vpc-0a5883fd291017704"
              }
            ]
          },
          "sensitive_attributes": [],
          "private": "eyJlMmJmYjczMC1lY2FhLTExZTYtOGY4OC0zNDM2M2JjN2M0YzAiOnsiY3JlYXRlIjoxODAwMDAwMDAwMDAwLCJkZWxldGUiOjkwMDAwMDAwMDAwMCwidXBkYXRlIjozNjAwMDAwMDAwMDAwfX0=",
          "dependencies": [
            "aws_subnet.jenkins_public_subnet_2",
            "aws_vpc.vpc_jenkins",
            "aws_subnet.jenkins_public_subnet_1"
          ]
        }
      ]
    },
    {
      "mode": "managed",
      "type": "aws_eks_node_group",
      "name": "workers_node",
      "provider": "provider[\"registry.terraform.io/hashicorp/aws\"]",
      "instances": [
        {
          "schema_version": 0,
          "attributes": {
            "ami_type": "AL2_x86_64",
            "arn": "arn:aws:eks:us-east-2:682086073548:nodegroup/cluster/eks_worker_node_group/f8bcbda6-e945-b6bd-abd5-5fff85efe5b1",
            "capacity_type": "ON_DEMAND",
            "cluster_name": "cluster",
            "disk_size": 20,
            "force_update_version": null,
            "id": "cluster:eks_worker_node_group",
            "instance_types": [
              "t3.medium"
            ],
            "labels": null,
            "launch_template": [],
            "node_group_name": "eks_worker_node_group",
            "node_role_arn": "arn:aws:iam::682086073548:role/eks_worker_node_group_role",
            "release_version": "1.19.6-20210512",
            "remote_access": [],
            "resources": [
              {
                "autoscaling_groups": [
                  {
                    "name": "eks-f8bcbda6-e945-b6bd-abd5-5fff85efe5b1"
                  }
                ],
                "remote_access_security_group_id": ""
              }
            ],
            "scaling_config": [
              {
                "desired_size": 1,
                "max_size": 5,
                "min_size": 1
              }
            ],
            "status": "ACTIVE",
            "subnet_ids": [
              "subnet-07cacd026fc13e83d",
              "subnet-0be55a66119704d56"
            ],
            "tags": null,
            "timeouts": null,
            "version": "1.19"
          },
          "sensitive_attributes": [],
          "private": "eyJlMmJmYjczMC1lY2FhLTExZTYtOGY4OC0zNDM2M2JjN2M0YzAiOnsiY3JlYXRlIjozNjAwMDAwMDAwMDAwLCJkZWxldGUiOjM2MDAwMDAwMDAwMDAsInVwZGF0ZSI6MzYwMDAwMDAwMDAwMH19",
          "dependencies": [
            "aws_eks_cluster.cluster_eks",
            "aws_subnet.jenkins_public_subnet_1",
            "aws_subnet.jenkins_public_subnet_2"
          ]
        }
      ]
    },
    {
      "mode": "managed",
      "type": "aws_instance",
      "name": "VM_Jenkins",
      "provider": "provider[\"registry.terraform.io/hashicorp/aws\"]",
      "instances": [
        {
          "index_key": 0,
          "schema_version": 1,
          "attributes": {
            "ami": "ami-00399ec92321828f5",
            "arn": "arn:aws:ec2:us-east-2:682086073548:instance/i-04a70830d10c8de0d",
            "associate_public_ip_address": true,
            "availability_zone": "us-east-2a",
            "cpu_core_count": 1,
            "cpu_threads_per_core": 1,
            "credit_specification": [
              {
                "cpu_credits": "standard"
              }
            ],
            "disable_api_termination": false,
            "ebs_block_device": [],
            "ebs_optimized": false,
            "enclave_options": [
              {
                "enabled": false
              }
            ],
            "ephemeral_block_device": [],
            "get_password_data": false,
            "hibernation": false,
            "host_id": null,
            "iam_instance_profile": "",
            "id": "i-04a70830d10c8de0d",
            "instance_initiated_shutdown_behavior": null,
            "instance_state": "running",
            "instance_type": "t2.micro",
            "ipv6_address_count": 0,
            "ipv6_addresses": [],
            "key_name": "estudiantes_automatizacion_2021_1",
            "metadata_options": [
              {
                "http_endpoint": "enabled",
                "http_put_response_hop_limit": 1,
                "http_tokens": "optional"
              }
            ],
            "monitoring": false,
            "network_interface": [],
            "outpost_arn": "",
            "password_data": "",
            "placement_group": "",
            "primary_network_interface_id": "eni-09d305a2a40b2e144",
            "private_dns": "ip-10-0-1-218.us-east-2.compute.internal",
            "private_ip": "10.0.1.218",
            "public_dns": "",
            "public_ip": "18.223.196.106",
            "root_block_device": [
              {
                "delete_on_termination": true,
                "device_name": "/dev/sda1",
                "encrypted": false,
                "iops": 100,
                "kms_key_id": "",
                "throughput": 0,
                "volume_id": "vol-0f227fd283ec312f5",
                "volume_size": 8,
                "volume_type": "gp2"
              }
            ],
            "secondary_private_ips": [],
            "security_groups": [
              "sg-0ad268ab508cdbd8d"
            ],
            "source_dest_check": true,
            "subnet_id": "subnet-07cacd026fc13e83d",
            "tags": {
              "Name": "jenkins_instance"
            },
            "tenancy": "default",
            "timeouts": null,
            "user_data": null,
            "user_data_base64": null,
            "volume_tags": {},
            "vpc_security_group_ids": [
              "sg-0ad268ab508cdbd8d"
            ]
          },
          "sensitive_attributes": [],
          "private": "eyJlMmJmYjczMC1lY2FhLTExZTYtOGY4OC0zNDM2M2JjN2M0YzAiOnsiY3JlYXRlIjo2MDAwMDAwMDAwMDAsImRlbGV0ZSI6MTIwMDAwMDAwMDAwMCwidXBkYXRlIjo2MDAwMDAwMDAwMDB9LCJzY2hlbWFfdmVyc2lvbiI6IjEifQ==",
          "dependencies": [
            "aws_security_group.sg_infraestructure",
            "aws_subnet.jenkins_public_subnet_1"
          ]
        }
      ]
    },
    {
      "mode": "managed",
      "type": "aws_internet_gateway",
      "name": "gw",
      "provider": "provider[\"registry.terraform.io/hashicorp/aws\"]",
      "instances": [
        {
          "schema_version": 0,
          "attributes": {
            "arn": "arn:aws:ec2:us-east-2:682086073548:internet-gateway/igw-06b68060efb888311",
            "id": "igw-06b68060efb888311",
            "owner_id": "682086073548",
            "tags": {
              "Name": "gw"
            },
            "vpc_id": "vpc-0a5883fd291017704"
          },
          "sensitive_attributes": [],
          "private": "bnVsbA==",
          "dependencies": [
            "aws_vpc.vpc_jenkins"
          ]
        }
      ]
    },
    {
      "mode": "managed",
      "type": "aws_route_table",
      "name": "rt",
      "provider": "provider[\"registry.terraform.io/hashicorp/aws\"]",
      "instances": [
        {
          "schema_version": 0,
          "attributes": {
            "id": "rtb-0dfba4de5c6d397c1",
            "owner_id": "682086073548",
            "propagating_vgws": [],
            "route": [
              {
                "cidr_block": "0.0.0.0/0",
                "egress_only_gateway_id": "",
                "gateway_id": "igw-06b68060efb888311",
                "instance_id": "",
                "ipv6_cidr_block": "",
                "local_gateway_id": "",
                "nat_gateway_id": "",
                "network_interface_id": "",
                "transit_gateway_id": "",
                "vpc_endpoint_id": "",
                "vpc_peering_connection_id": ""
              }
            ],
            "tags": {
              "Name": "rt"
            },
            "vpc_id": "vpc-0a5883fd291017704"
          },
          "sensitive_attributes": [],
          "private": "bnVsbA==",
          "dependencies": [
            "aws_internet_gateway.gw",
            "aws_vpc.vpc_jenkins"
          ]
        }
      ]
    },
    {
      "mode": "managed",
      "type": "aws_route_table_association",
      "name": "a",
      "provider": "provider[\"registry.terraform.io/hashicorp/aws\"]",
      "instances": [
        {
          "schema_version": 0,
          "attributes": {
            "gateway_id": null,
            "id": "rtbassoc-084819d3e09adbde3",
            "route_table_id": "rtb-0dfba4de5c6d397c1",
            "subnet_id": "subnet-0be55a66119704d56"
          },
          "sensitive_attributes": [],
          "private": "bnVsbA==",
          "dependencies": [
            "aws_internet_gateway.gw",
            "aws_route_table.rt",
            "aws_subnet.jenkins_public_subnet_2",
            "aws_vpc.vpc_jenkins"
          ]
        }
      ]
    },
    {
      "mode": "managed",
      "type": "aws_route_table_association",
      "name": "b",
      "provider": "provider[\"registry.terraform.io/hashicorp/aws\"]",
      "instances": [
        {
          "schema_version": 0,
          "attributes": {
            "gateway_id": null,
            "id": "rtbassoc-07fec0bdd16b3b365",
            "route_table_id": "rtb-0dfba4de5c6d397c1",
            "subnet_id": "subnet-07cacd026fc13e83d"
          },
          "sensitive_attributes": [],
          "private": "bnVsbA==",
          "dependencies": [
            "aws_internet_gateway.gw",
            "aws_route_table.rt",
            "aws_subnet.jenkins_public_subnet_1",
            "aws_vpc.vpc_jenkins"
          ]
        }
      ]
    },
    {
      "mode": "managed",
      "type": "aws_security_group",
      "name": "sg_infraestructure",
      "provider": "provider[\"registry.terraform.io/hashicorp/aws\"]",
      "instances": [
        {
          "schema_version": 1,
          "attributes": {
            "arn": "arn:aws:ec2:us-east-2:682086073548:security-group/sg-0ad268ab508cdbd8d",
            "description": "security group for instances of Jenkins on infraestructure",
            "egress": [
              {
                "cidr_blocks": [
                  "0.0.0.0/0"
                ],
                "description": "Outbound rule",
                "from_port": 0,
                "ipv6_cidr_blocks": [],
                "prefix_list_ids": [],
                "protocol": "-1",
                "security_groups": [],
                "self": false,
                "to_port": 0
              }
            ],
            "id": "sg-0ad268ab508cdbd8d",
            "ingress": [
              {
                "cidr_blocks": [
                  "0.0.0.0/0"
                ],
                "description": "",
                "from_port": 22,
                "ipv6_cidr_blocks": [],
                "prefix_list_ids": [],
                "protocol": "tcp",
                "security_groups": [],
                "self": false,
                "to_port": 22
              },
              {
                "cidr_blocks": [
                  "0.0.0.0/0"
                ],
                "description": "",
                "from_port": 8080,
                "ipv6_cidr_blocks": [],
                "prefix_list_ids": [],
                "protocol": "tcp",
                "security_groups": [],
                "self": false,
                "to_port": 8080
              }
            ],
            "name": "sg_infraestructure",
            "name_prefix": "",
            "owner_id": "682086073548",
            "revoke_rules_on_delete": false,
            "tags": {
              "responsible": "sg_infraestructure"
            },
            "timeouts": null,
            "vpc_id": "vpc-0a5883fd291017704"
          },
          "sensitive_attributes": [],
          "private": "eyJlMmJmYjczMC1lY2FhLTExZTYtOGY4OC0zNDM2M2JjN2M0YzAiOnsiY3JlYXRlIjo2MDAwMDAwMDAwMDAsImRlbGV0ZSI6NjAwMDAwMDAwMDAwfSwic2NoZW1hX3ZlcnNpb24iOiIxIn0=",
          "dependencies": [
            "aws_vpc.vpc_jenkins"
          ]
        }
      ]
    },
    {
      "mode": "managed",
      "type": "aws_subnet",
      "name": "jenkins_public_subnet_1",
      "provider": "provider[\"registry.terraform.io/hashicorp/aws\"]",
      "instances": [
        {
          "schema_version": 1,
          "attributes": {
            "arn": "arn:aws:ec2:us-east-2:682086073548:subnet/subnet-07cacd026fc13e83d",
            "assign_ipv6_address_on_creation": false,
            "availability_zone": "us-east-2a",
            "availability_zone_id": "use2-az1",
            "cidr_block": "10.0.1.0/24",
            "id": "subnet-07cacd026fc13e83d",
            "ipv6_cidr_block": "",
            "ipv6_cidr_block_association_id": "",
            "map_public_ip_on_launch": true,
            "outpost_arn": "",
            "owner_id": "682086073548",
            "tags": {
              "Name": "jenkins_public_subnet_1"
            },
            "timeouts": null,
            "vpc_id": "vpc-0a5883fd291017704"
          },
          "sensitive_attributes": [],
          "private": "eyJlMmJmYjczMC1lY2FhLTExZTYtOGY4OC0zNDM2M2JjN2M0YzAiOnsiY3JlYXRlIjo2MDAwMDAwMDAwMDAsImRlbGV0ZSI6MTIwMDAwMDAwMDAwMH0sInNjaGVtYV92ZXJzaW9uIjoiMSJ9",
          "dependencies": [
            "aws_vpc.vpc_jenkins"
          ]
        }
      ]
    },
    {
      "mode": "managed",
      "type": "aws_subnet",
      "name": "jenkins_public_subnet_2",
      "provider": "provider[\"registry.terraform.io/hashicorp/aws\"]",
      "instances": [
        {
          "schema_version": 1,
          "attributes": {
            "arn": "arn:aws:ec2:us-east-2:682086073548:subnet/subnet-0be55a66119704d56",
            "assign_ipv6_address_on_creation": false,
            "availability_zone": "us-east-2b",
            "availability_zone_id": "use2-az2",
            "cidr_block": "10.0.2.0/24",
            "id": "subnet-0be55a66119704d56",
            "ipv6_cidr_block": "",
            "ipv6_cidr_block_association_id": "",
            "map_public_ip_on_launch": true,
            "outpost_arn": "",
            "owner_id": "682086073548",
            "tags": {
              "Name": "jenkins_public_subnet_2"
            },
            "timeouts": null,
            "vpc_id": "vpc-0a5883fd291017704"
          },
          "sensitive_attributes": [],
          "private": "eyJlMmJmYjczMC1lY2FhLTExZTYtOGY4OC0zNDM2M2JjN2M0YzAiOnsiY3JlYXRlIjo2MDAwMDAwMDAwMDAsImRlbGV0ZSI6MTIwMDAwMDAwMDAwMH0sInNjaGVtYV92ZXJzaW9uIjoiMSJ9",
          "dependencies": [
            "aws_vpc.vpc_jenkins"
          ]
        }
      ]
    },
    {
      "mode": "managed",
      "type": "aws_vpc",
      "name": "vpc_jenkins",
      "provider": "provider[\"registry.terraform.io/hashicorp/aws\"]",
      "instances": [
        {
          "schema_version": 1,
          "attributes": {
            "arn": "arn:aws:ec2:us-east-2:682086073548:vpc/vpc-0a5883fd291017704",
            "assign_generated_ipv6_cidr_block": false,
            "cidr_block": "10.0.0.0/16",
            "default_network_acl_id": "acl-09cb3332997bf0438",
            "default_route_table_id": "rtb-08a9ea696be5db6c7",
            "default_security_group_id": "sg-0a222d9a963d96720",
            "dhcp_options_id": "dopt-0449b5b3cc14d7f17",
            "enable_classiclink": null,
            "enable_classiclink_dns_support": null,
            "enable_dns_hostnames": false,
            "enable_dns_support": true,
            "id": "vpc-0a5883fd291017704",
            "instance_tenancy": "default",
            "ipv6_association_id": "",
            "ipv6_cidr_block": "",
            "main_route_table_id": "rtb-08a9ea696be5db6c7",
            "owner_id": "682086073548",
            "tags": {
              "Name": "vpc_jenkins"
            }
          },
          "sensitive_attributes": [],
          "private": "eyJzY2hlbWFfdmVyc2lvbiI6IjEifQ=="
        }
      ]
    }
  ]
}
